Microsoft Visual Studio Solution File, Format Version 12.00
# Visual Studio 2012
Project("{FAE04EC0-301F-11D3-BF4B-00C04F79EFBC}") = "myFirstGameByCSharp", "myFirstGameByCSharp.csproj", "{FC0FFCE5-2B28-4C02-B7DD-69EA806F1CDE}"
EndProject
Global
	GlobalSection(SolutionConfigurationPlatforms) = preSolution
	Debug|Any CPU = Debug|Any CPU
	Release|Any CPU = Release|Any CPU
	Tools|Any CPU = Tools|Any CPU
	EndGlobalSection
	GlobalSection(ProjectConfigurationPlatforms) = postSolution
		{FC0FFCE5-2B28-4C02-B7DD-69EA806F1CDE}.Debug|Any CPU.ActiveCfg = Debug|Any CPU
		{FC0FFCE5-2B28-4C02-B7DD-69EA806F1CDE}.Debug|Any CPU.Build.0 = Debug|Any CPU
		{FC0FFCE5-2B28-4C02-B7DD-69EA806F1CDE}.Release|Any CPU.ActiveCfg = Release|Any CPU
		{FC0FFCE5-2B28-4C02-B7DD-69EA806F1CDE}.Release|Any CPU.Build.0 = Release|Any CPU
		{FC0FFCE5-2B28-4C02-B7DD-69EA806F1CDE}.Tools|Any CPU.ActiveCfg = Tools|Any CPU
		{FC0FFCE5-2B28-4C02-B7DD-69EA806F1CDE}.Tools|Any CPU.Build.0 = Tools|Any CPU
	EndGlobalSection
EndGlobal
